// !$*UTF8*$!
{
	archiveVersion = 1;
	classes = {
	};
	objectVersion = 56;
	objects = {

/* Begin PBXBuildFile section */
		C0EA206B2B859548009D68CE /* AppDelegate.swift in Sources */ = {isa = PBXBuildFile; fileRef = C0EA206A2B859548009D68CE /* AppDelegate.swift */; };
		C0EA206D2B859548009D68CE /* SceneDelegate.swift in Sources */ = {isa = PBXBuildFile; fileRef = C0EA206C2B859548009D68CE /* SceneDelegate.swift */; };
		C0EA206F2B859548009D68CE /* ViewController.swift in Sources */ = {isa = PBXBuildFile; fileRef = C0EA206E2B859548009D68CE /* ViewController.swift */; };
		C0EA20722B859548009D68CE /* Main.storyboard in Resources */ = {isa = PBXBuildFile; fileRef = C0EA20702B859548009D68CE /* Main.storyboard */; };
		C0EA20742B85954A009D68CE /* Assets.xcassets in Resources */ = {isa = PBXBuildFile; fileRef = C0EA20732B85954A009D68CE /* Assets.xcassets */; };
		C0EA20772B85954A009D68CE /* LaunchScreen.storyboard in Resources */ = {isa = PBXBuildFile; fileRef = C0EA20752B85954A009D68CE /* LaunchScreen.storyboard */; };
		C0EA20822B85954A009D68CE /* mariokartTests.swift in Sources */ = {isa = PBXBuildFile; fileRef = C0EA20812B85954A009D68CE /* mariokartTests.swift */; };
		C0EA208C2B85954A009D68CE /* mariokartUITests.swift in Sources */ = {isa = PBXBuildFile; fileRef = C0EA208B2B85954A009D68CE /* mariokartUITests.swift */; };
		C0EA208E2B85954A009D68CE /* mariokartUITestsLaunchTests.swift in Sources */ = {isa = PBXBuildFile; fileRef = C0EA208D2B85954A009D68CE /* mariokartUITestsLaunchTests.swift */; };
/* End PBXBuildFile section */

/* Begin PBXContainerItemProxy section */
		C0EA207E2B85954A009D68CE /* PBXContainerItemProxy */ = {
			isa = PBXContainerItemProxy;
			containerPortal = C0EA205F2B859548009D68CE /* Project object */;
			proxyType = 1;
			remoteGlobalIDString = C0EA20662B859548009D68CE;
			remoteInfo = mariokart;
		};
		C0EA20882B85954A009D68CE /* PBXContainerItemProxy */ = {
			isa = PBXContainerItemProxy;
			containerPortal = C0EA205F2B859548009D68CE /* Project object */;
			proxyType = 1;
			remoteGlobalIDString = C0EA20662B859548009D68CE;
			remoteInfo = mariokart;
		};
/* End PBXContainerItemProxy section */

/* Begin PBXFileReference section */
		C0EA20672B859548009D68CE /* mariokart.app */ = {isa = PBXFileReference; explicitFileType = wrapper.application; includeInIndex = 0; path = mariokart.app; sourceTree = BUILT_PRODUCTS_DIR; };
		C0EA206A2B859548009D68CE /* AppDelegate.swift */ = {isa = PBXFileReference; lastKnownFileType = sourcecode.swift; path = AppDelegate.swift; sourceTree = "<group>"; };
		C0EA206C2B859548009D68CE /* SceneDelegate.swift */ = {isa = PBXFileReference; lastKnownFileType = sourcecode.swift; path = SceneDelegate.swift; sourceTree = "<group>"; };
		C0EA206E2B859548009D68CE /* ViewController.swift */ = {isa = PBXFileReference; lastKnownFileType = sourcecode.swift; path = ViewController.swift; sourceTree = "<group>"; };
		C0EA20712B859548009D68CE /* Base */ = {isa = PBXFileReference; lastKnownFileType = file.storyboard; name = Base; path = Base.lproj/Main.storyboard; sourceTree = "<group>"; };
		C0EA20732B85954A009D68CE /* Assets.xcassets */ = {isa = PBXFileReference; lastKnownFileType = folder.assetcatalog; path = Assets.xcassets; sourceTree = "<group>"; };
		C0EA20762B85954A009D68CE /* Base */ = {isa = PBXFileReference; lastKnownFileType = file.storyboard; name = Base; path = Base.lproj/LaunchScreen.storyboard; sourceTree = "<group>"; };
		C0EA20782B85954A009D68CE /* Info.plist */ = {isa = PBXFileReference; lastKnownFileType = text.plist.xml; path = Info.plist; sourceTree = "<group>"; };
		C0EA207D2B85954A009D68CE /* mariokartTests.xctest */ = {isa = PBXFileReference; explicitFileType = wrapper.cfbundle; includeInIndex = 0; path = mariokartTests.xctest; sourceTree = BUILT_PRODUCTS_DIR; };
		C0EA20812B85954A009D68CE /* mariokartTests.swift */ = {isa = PBXFileReference; lastKnownFileType = sourcecode.swift; path = mariokartTests.swift; sourceTree = "<group>"; };
		C0EA20872B85954A009D68CE /* mariokartUITests.xctest */ = {isa = PBXFileReference; explicitFileType = wrapper.cfbundle; includeInIndex = 0; path = mariokartUITests.xctest; sourceTree = BUILT_PRODUCTS_DIR; };
		C0EA208B2B85954A009D68CE /* mariokartUITests.swift */ = {isa = PBXFileReference; lastKnownFileType = sourcecode.swift; path = mariokartUITests.swift; sourceTree = "<group>"; };
		C0EA208D2B85954A009D68CE /* mariokartUITestsLaunchTests.swift */ = {isa = PBXFileReference; lastKnownFileType = sourcecode.swift; path = mariokartUITestsLaunchTests.swift; sourceTree = "<group>"; };
/* End PBXFileReference section */

/* Begin PBXFrameworksBuildPhase section */
		C0EA20642B859548009D68CE /* Frameworks */ = {
			isa = PBXFrameworksBuildPhase;
			buildActionMask = 2147483647;
			files = (
			);
			runOnlyForDeploymentPostprocessing = 0;
		};
		C0EA207A2B85954A009D68CE /* Frameworks */ = {
			isa = PBXFrameworksBuildPhase;
			buildActionMask = 2147483647;
			files = (
			);
			runOnlyForDeploymentPostprocessing = 0;
		};
		C0EA20842B85954A009D68CE /* Frameworks */ = {
			isa = PBXFrameworksBuildPhase;
			buildActionMask = 2147483647;
			files = (
			);
			runOnlyForDeploymentPostprocessing = 0;
		};
/* End PBXFrameworksBuildPhase section */

/* Begin PBXGroup section */
		C0EA205E2B859548009D68CE = {
			isa = PBXGroup;
			children = (
				C0EA20692B859548009D68CE /* mariokart */,
				C0EA20802B85954A009D68CE /* mariokartTests */,
				C0EA208A2B85954A009D68CE /* mariokartUITests */,
				C0EA20682B859548009D68CE /* Products */,
			);
			sourceTree = "<group>";
		};
		C0EA20682B859548009D68CE /* Products */ = {
			isa = PBXGroup;
			children = (
				C0EA20672B859548009D68CE /* mariokart.app */,
				C0EA207D2B85954A009D68CE /* mariokartTests.xctest */,
				C0EA20872B85954A009D68CE /* mariokartUITests.xctest */,
			);
			name = Products;
			sourceTree = "<group>";
		};
		C0EA20692B859548009D68CE /* mariokart */ = {
			isa = PBXGroup;
			children = (
				C0EA206A2B859548009D68CE /* AppDelegate.swift */,
				C0EA206C2B859548009D68CE /* SceneDelegate.swift */,
				C0EA206E2B859548009D68CE /* ViewController.swift */,
				C0EA20702B859548009D68CE /* Main.storyboard */,
				C0EA20732B85954A009D68CE /* Assets.xcassets */,
				C0EA20752B85954A009D68CE /* LaunchScreen.storyboard */,
				C0EA20782B85954A009D68CE /* Info.plist */,
			);
			path = mariokart;
			sourceTree = "<group>";
		};
		C0EA20802B85954A009D68CE /* mariokartTests */ = {
			isa = PBXGroup;
			children = (
				C0EA20812B85954A009D68CE /* mariokartTests.swift */,
			);
			path = mariokartTests;
			sourceTree = "<group>";
		};
		C0EA208A2B85954A009D68CE /* mariokartUITests */ = {
			isa = PBXGroup;
			children = (
				C0EA208B2B85954A009D68CE /* mariokartUITests.swift */,
				C0EA208D2B85954A009D68CE /* mariokartUITestsLaunchTests.swift */,
			);
			path = mariokartUITests;
			sourceTree = "<group>";
		};
/* End PBXGroup section */

/* Begin PBXNativeTarget section */
		C0EA20662B859548009D68CE /* mariokart */ = {
			isa = PBXNativeTarget;
			buildConfigurationList = C0EA20912B85954A009D68CE /* Build configuration list for PBXNativeTarget "mariokart" */;
			buildPhases = (
				C0EA20632B859548009D68CE /* Sources */,
				C0EA20642B859548009D68CE /* Frameworks */,
				C0EA20652B859548009D68CE /* Resources */,
			);
			buildRules = (
			);
			dependencies = (
			);
			name = mariokart;
			productName = mariokart;
			productReference = C0EA20672B859548009D68CE /* mariokart.app */;
			productType = "com.apple.product-type.application";
		};
		C0EA207C2B85954A009D68CE /* mariokartTests */ = {
			isa = PBXNativeTarget;
			buildConfigurationList = C0EA20942B85954A009D68CE /* Build configuration list for PBXNativeTarget "mariokartTests" */;
			buildPhases = (
				C0EA20792B85954A009D68CE /* Sources */,
				C0EA207A2B85954A009D68CE /* Frameworks */,
				C0EA207B2B85954A009D68CE /* Resources */,
			);
			buildRules = (
			);
			dependencies = (
				C0EA207F2B85954A009D68CE /* PBXTargetDependency */,
			);
			name = mariokartTests;
			productName = mariokartTests;
			productReference = C0EA207D2B85954A009D68CE /* mariokartTests.xctest */;
			productType = "com.apple.product-type.bundle.unit-test";
		};
		C0EA20862B85954A009D68CE /* mariokartUITests */ = {
			isa = PBXNativeTarget;
			buildConfigurationList = C0EA20972B85954A009D68CE /* Build configuration list for PBXNativeTarget "mariokartUITests" */;
			buildPhases = (
				C0EA20832B85954A009D68CE /* Sources */,
				C0EA20842B85954A009D68CE /* Frameworks */,
				C0EA20852B85954A009D68CE /* Resources */,
			);
			buildRules = (
			);
			dependencies = (
				C0EA20892B85954A009D68CE /* PBXTargetDependency */,
			);
			name = mariokartUITests;
			productName = mariokartUITests;
			productReference = C0EA20872B85954A009D68CE /* mariokartUITests.xctest */;
			productType = "com.apple.product-type.bundle.ui-testing";
		};
/* End PBXNativeTarget section */

/* Begin PBXProject section */
		C0EA205F2B859548009D68CE /* Project object */ = {
			isa = PBXProject;
			attributes = {
				BuildIndependentTargetsInParallel = 1;
				LastSwiftUpdateCheck = 1520;
				LastUpgradeCheck = 1520;
				TargetAttributes = {
					C0EA20662B859548009D68CE = {
						CreatedOnToolsVersion = 15.2;
					};
					C0EA207C2B85954A009D68CE = {
						CreatedOnToolsVersion = 15.2;
						TestTargetID = C0EA20662B859548009D68CE;
					};
					C0EA20862B85954A009D68CE = {
						CreatedOnToolsVersion = 15.2;
						TestTargetID = C0EA20662B859548009D68CE;
					};
				};
			};
			buildConfigurationList = C0EA20622B859548009D68CE /* Build configuration list for PBXProject "mariokart" */;
			compatibilityVersion = "Xcode 14.0";
			developmentRegion = en;
			hasScannedForEncodings = 0;
			knownRegions = (
				en,
				Base,
			);
			mainGroup = C0EA205E2B859548009D68CE;
			productRefGroup = C0EA20682B859548009D68CE /* Products */;
			projectDirPath = "";
			projectRoot = "";
			targets = (
				C0EA20662B859548009D68CE /* mariokart */,
				C0EA207C2B85954A009D68CE /* mariokartTests */,
				C0EA20862B85954A009D68CE /* mariokartUITests */,
			);
		};
/* End PBXProject section */

/* Begin PBXResourcesBuildPhase section */
		C0EA20652B859548009D68CE /* Resources */ = {
			isa = PBXResourcesBuildPhase;
			buildActionMask = 2147483647;
			files = (
				C0EA20772B85954A009D68CE /* LaunchScreen.storyboard in Resources */,
				C0EA20742B85954A009D68CE /* Assets.xcassets in Resources */,
				C0EA20722B859548009D68CE /* Main.storyboard in Resources */,
			);
			runOnlyForDeploymentPostprocessing = 0;
		};
		C0EA207B2B85954A009D68CE /* Resources */ = {
			isa = PBXResourcesBuildPhase;
			buildActionMask = 2147483647;
			files = (
			);
			runOnlyForDeploymentPostprocessing = 0;
		};
		C0EA20852B85954A009D68CE /* Resources */ = {
			isa = PBXResourcesBuildPhase;
			buildActionMask = 2147483647;
			files = (
			);
			runOnlyForDeploymentPostprocessing = 0;
		};
/* End PBXResourcesBuildPhase section */

/* Begin PBXSourcesBuildPhase section */
		C0EA20632B859548009D68CE /* Sources */ = {
			isa = PBXSourcesBuildPhase;
			buildActionMask = 2147483647;
			files = (
				C0EA206F2B859548009D68CE /* ViewController.swift in Sources */,
				C0EA206B2B859548009D68CE /* AppDelegate.swift in Sources */,
				C0EA206D2B859548009D68CE /* SceneDelegate.swift in Sources */,
			);
			runOnlyForDeploymentPostprocessing = 0;
		};
		C0EA20792B85954A009D68CE /* Sources */ = {
			isa = PBXSourcesBuildPhase;
			buildActionMask = 2147483647;
			files = (
				C0EA20822B85954A009D68CE /* mariokartTests.swift in Sources */,
			);
			runOnlyForDeploymentPostprocessing = 0;
		};
		C0EA20832B85954A009D68CE /* Sources */ = {
			isa = PBXSourcesBuildPhase;
			buildActionMask = 2147483647;
			files = (
				C0EA208C2B85954A009D68CE /* mariokartUITests.swift in Sources */,
				C0EA208E2B85954A009D68CE /* mariokartUITestsLaunchTests.swift in Sources */,
			);
			runOnlyForDeploymentPostprocessing = 0;
		};
/* End PBXSourcesBuildPhase section */

/* Begin PBXTargetDependency section */
		C0EA207F2B85954A009D68CE /* PBXTargetDependency */ = {
			isa = PBXTargetDependency;
			target = C0EA20662B859548009D68CE /* mariokart */;
			targetProxy = C0EA207E2B85954A009D68CE /* PBXContainerItemProxy */;
		};
		C0EA20892B85954A009D68CE /* PBXTargetDependency */ = {
			isa = PBXTargetDependency;
			target = C0EA20662B859548009D68CE /* mariokart */;
			targetProxy = C0EA20882B85954A009D68CE /* PBXContainerItemProxy */;
		};
/* End PBXTargetDependency section */

/* Begin PBXVariantGroup section */
		C0EA20702B859548009D68CE /* Main.storyboard */ = {
			isa = PBXVariantGroup;
			children = (
				C0EA20712B859548009D68CE /* Base */,
			);
			name = Main.storyboard;
			sourceTree = "<group>";
		};
		C0EA20752B85954A009D68CE /* LaunchScreen.storyboard */ = {
			isa = PBXVariantGroup;
			children = (
				C0EA20762B85954A009D68CE /* Base */,
			);
			name = LaunchScreen.storyboard;
			sourceTree = "<group>";
		};
/* End PBXVariantGroup section */

/* Begin XCBuildConfiguration section */
		C0EA208F2B85954A009D68CE /* Debug */ = {
			isa = XCBuildConfiguration;
			buildSettings = {
				ALWAYS_SEARCH_USER_PATHS = NO;
				ASSETCATALOG_COMPILER_GENERATE_SWIFT_ASSET_SYMBOL_EXTENSIONS = YES;
				CLANG_ANALYZER_NONNULL = YES;
				CLANG_ANALYZER_NUMBER_OBJECT_CONVERSION = YES_AGGRESSIVE;
				CLANG_CXX_LANGUAGE_STANDARD = "gnu++20";
				CLANG_ENABLE_MODULES = YES;
				CLANG_ENABLE_OBJC_ARC = YES;
				CLANG_ENABLE_OBJC_WEAK = YES;
				CLANG_WARN_BLOCK_CAPTURE_AUTORELEASING = YES;
				CLANG_WARN_BOOL_CONVERSION = YES;
				CLANG_WARN_COMMA = YES;
				CLANG_WARN_CONSTANT_CONVERSION = YES;
				CLANG_WARN_DEPRECATED_OBJC_IMPLEMENTATIONS = YES;
				CLANG_WARN_DIRECT_OBJC_ISA_USAGE = YES_ERROR;
				CLANG_WARN_DOCUMENTATION_COMMENTS = YES;
				CLANG_WARN_EMPTY_BODY = YES;
				CLANG_WARN_ENUM_CONVERSION = YES;
				CLANG_WARN_INFINITE_RECURSION = YES;
				CLANG_WARN_INT_CONVERSION = YES;
				CLANG_WARN_NON_LITERAL_NULL_CONVERSION = YES;
				CLANG_WARN_OBJC_IMPLICIT_RETAIN_SELF = YES;
				CLANG_WARN_OBJC_LITERAL_CONVERSION = YES;
				CLANG_WARN_OBJC_ROOT_CLASS = YES_ERROR;
				CLANG_WARN_QUOTED_INCLUDE_IN_FRAMEWORK_HEADER = YES;
				CLANG_WARN_RANGE_LOOP_ANALYSIS = YES;
				CLANG_WARN_STRICT_PROTOTYPES = YES;
				CLANG_WARN_SUSPICIOUS_MOVE = YES;
				CLANG_WARN_UNGUARDED_AVAILABILITY = YES_AGGRESSIVE;
				CLANG_WARN_UNREACHABLE_CODE = YES;
				CLANG_WARN__DUPLICATE_METHOD_MATCH = YES;
				COPY_PHASE_STRIP = NO;
				DEBUG_INFORMATION_FORMAT = dwarf;
				ENABLE_STRICT_OBJC_MSGSEND = YES;
				ENABLE_TESTABILITY = YES;
				ENABLE_USER_SCRIPT_SANDBOXING = YES;
				GCC_C_LANGUAGE_STANDARD = gnu17;
				GCC_DYNAMIC_NO_PIC = NO;
				GCC_NO_COMMON_BLOCKS = YES;
				GCC_OPTIMIZATION_LEVEL = 0;
				GCC_PREPROCESSOR_DEFINITIONS = (
					"DEBUG=1",
					"$(inherited)",
				);
				GCC_WARN_64_TO_32_BIT_CONVERSION = YES;
				GCC_WARN_ABOUT_RETURN_TYPE = YES_ERROR;
				GCC_WARN_UNDECLARED_SELECTOR = YES;
				GCC_WARN_UNINITIALIZED_AUTOS = YES_AGGRESSIVE;
				GCC_WARN_UNUSED_FUNCTION = YES;
				GCC_WARN_UNUSED_VARIABLE = YES;
				IPHONEOS_DEPLOYMENT_TARGET = 17.2;
				LOCALIZATION_PREFERS_STRING_CATALOGS = YES;
				MTL_ENABLE_DEBUG_INFO = INCLUDE_SOURCE;
				MTL_FAST_MATH = YES;
				ONLY_ACTIVE_ARCH = YES;
				SDKROOT = iphoneos;
				SWIFT_ACTIVE_COMPILATION_CONDITIONS = "DEBUG $(inherited)";
				SWIFT_OPTIMIZATION_LEVEL = "-Onone";
			};
			name = Debug;
		};
		C0EA20902B85954A009D68CE /* Release */ = {
			isa = XCBuildConfiguration;
			buildSettings = {
				ALWAYS_SEARCH_USER_PATHS = NO;
				ASSETCATALOG_COMPILER_GENERATE_SWIFT_ASSET_SYMBOL_EXTENSIONS = YES;
				CLANG_ANALYZER_NONNULL = YES;
				CLANG_ANALYZER_NUMBER_OBJECT_CONVERSION = YES_AGGRESSIVE;
				CLANG_CXX_LANGUAGE_STANDARD = "gnu++20";
				CLANG_ENABLE_MODULES = YES;
				CLANG_ENABLE_OBJC_ARC = YES;
				CLANG_ENABLE_OBJC_WEAK = YES;
				CLANG_WARN_BLOCK_CAPTURE_AUTORELEASING = YES;
				CLANG_WARN_BOOL_CONVERSION = YES;
				CLANG_WARN_COMMA = YES;
				CLANG_WARN_CONSTANT_CONVERSION = YES;
				CLANG_WARN_DEPRECATED_OBJC_IMPLEMENTATIONS = YES;
				CLANG_WARN_DIRECT_OBJC_ISA_USAGE = YES_ERROR;
				CLANG_WARN_DOCUMENTATION_COMMENTS = YES;
				CLANG_WARN_EMPTY_BODY = YES;
				CLANG_WARN_ENUM_CONVERSION = YES;
				CLANG_WARN_INFINITE_RECURSION = YES;
				CLANG_WARN_INT_CONVERSION = YES;
				CLANG_WARN_NON_LITERAL_NULL_CONVERSION = YES;
				CLANG_WARN_OBJC_IMPLICIT_RETAIN_SELF = YES;
				CLANG_WARN_OBJC_LITERAL_CONVERSION = YES;
				CLANG_WARN_OBJC_ROOT_CLASS = YES_ERROR;
				CLANG_WARN_QUOTED_INCLUDE_IN_FRAMEWORK_HEADER = YES;
				CLANG_WARN_RANGE_LOOP_ANALYSIS = YES;
				CLANG_WARN_STRICT_PROTOTYPES = YES;
				CLANG_WARN_SUSPICIOUS_MOVE = YES;
				CLANG_WARN_UNGUARDED_AVAILABILITY = YES_AGGRESSIVE;
				CLANG_WARN_UNREACHABLE_CODE = YES;
				CLANG_WARN__DUPLICATE_METHOD_MATCH = YES;
				COPY_PHASE_STRIP = NO;
				DEBUG_INFORMATION_FORMAT = "dwarf-with-dsym";
				ENABLE_NS_ASSERTIONS = NO;
				ENABLE_STRICT_OBJC_MSGSEND = YES;
				ENABLE_USER_SCRIPT_SANDBOXING = YES;
				GCC_C_LANGUAGE_STANDARD = gnu17;
				GCC_NO_COMMON_BLOCKS = YES;
				GCC_WARN_64_TO_32_BIT_CONVERSION = YES;
				GCC_WARN_ABOUT_RETURN_TYPE = YES_ERROR;
				GCC_WARN_UNDECLARED_SELECTOR = YES;
				GCC_WARN_UNINITIALIZED_AUTOS = YES_AGGRESSIVE;
				GCC_WARN_UNUSED_FUNCTION = YES;
				GCC_WARN_UNUSED_VARIABLE = YES;
				IPHONEOS_DEPLOYMENT_TARGET = 17.2;
				LOCALIZATION_PREFERS_STRING_CATALOGS = YES;
				MTL_ENABLE_DEBUG_INFO = NO;
				MTL_FAST_MATH = YES;
				SDKROOT = iphoneos;
				SWIFT_COMPILATION_MODE = wholemodule;
				VALIDATE_PRODUCT = YES;
			};
			name = Release;
		};
		C0EA20922B85954A009D68CE /* Debug */ = {
			isa = XCBuildConfiguration;
			buildSettings = {
				ASSETCATALOG_COMPILER_APPICON_NAME = AppIcon;
				ASSETCATALOG_COMPILER_GLOBAL_ACCENT_COLOR_NAME = AccentColor;
				CODE_SIGN_STYLE = Automatic;
				CURRENT_PROJECT_VERSION = 1;
				DEVELOPMENT_TEAM = MFCV44P9C2;
				GENERATE_INFOPLIST_FILE = YES;
				INFOPLIST_FILE = mariokart/Info.plist;
				INFOPLIST_KEY_UIApplicationSupportsIndirectInputEvents = YES;
				INFOPLIST_KEY_UILaunchStoryboardName = LaunchScreen;
				INFOPLIST_KEY_UIMainStoryboardFile = Main;
				INFOPLIST_KEY_UISupportedInterfaceOrientations_iPad = "UIInterfaceOrientationPortrait UIInterfaceOrientationPortraitUpsideDown UIInterfaceOrientationLandscapeLeft UIInterfaceOrientationLandscapeRight";
				INFOPLIST_KEY_UISupportedInterfaceOrientations_iPhone = "UIInterfaceOrientationPortrait UIInterfaceOrientationLandscapeLeft UIInterfaceOrientationLandscapeRight";
				LD_RUNPATH_SEARCH_PATHS = (
					"$(inherited)",
					"@executable_path/Frameworks",
				);
				MARKETING_VERSION = 1.0;
				PRODUCT_BUNDLE_IDENTIFIER = NirathH.mariokart;
				PRODUCT_NAME = "$(TARGET_NAME)";
				SWIFT_EMIT_LOC_STRINGS = YES;
				SWIFT_VERSION = 5.0;
				TARGETED_DEVICE_FAMILY = "1,2";
			};
			name = Debug;
		};
		C0EA20932B85954A009D68CE /* Release */ = {
			isa = XCBuildConfiguration;
			buildSettings = {
				ASSETCATALOG_COMPILER_APPICON_NAME = AppIcon;
				ASSETCATALOG_COMPILER_GLOBAL_ACCENT_COLOR_NAME = AccentColor;
				CODE_SIGN_STYLE = Automatic;
				CURRENT_PROJECT_VERSION = 1;
				DEVELOPMENT_TEAM = MFCV44P9C2;
				GENERATE_INFOPLIST_FILE = YES;
				INFOPLIST_FILE = mariokart/Info.plist;
				INFOPLIST_KEY_UIApplicationSupportsIndirectInputEvents = YES;
				INFOPLIST_KEY_UILaunchStoryboardName = LaunchScreen;
				INFOPLIST_KEY_UIMainStoryboardFile = Main;
				INFOPLIST_KEY_UISupportedInterfaceOrientations_iPad = "UIInterfaceOrientationPortrait UIInterfaceOrientationPortraitUpsideDown UIInterfaceOrientationLandscapeLeft UIInterfaceOrientationLandscapeRight";
				INFOPLIST_KEY_UISupportedInterfaceOrientations_iPhone = "UIInterfaceOrientationPortrait UIInterfaceOrientationLandscapeLeft UIInterfaceOrientationLandscapeRight";
				LD_RUNPATH_SEARCH_PATHS = (
					"$(inherited)",
					"@executable_path/Frameworks",
				);
				MARKETING_VERSION = 1.0;
				PRODUCT_BUNDLE_IDENTIFIER = NirathH.mariokart;
				PRODUCT_NAME = "$(TARGET_NAME)";
				SWIFT_EMIT_LOC_STRINGS = YES;
				SWIFT_VERSION = 5.0;
				TARGETED_DEVICE_FAMILY = "1,2";
			};
			name = Release;
		};
		C0EA20952B85954A009D68CE /* Debug */ = {
			isa = XCBuildConfiguration;
			buildSettings = {
				ALWAYS_EMBED_SWIFT_STANDARD_LIBRARIES = YES;
				BUNDLE_LOADER = "$(TEST_HOST)";
				CODE_SIGN_STYLE = Automatic;
				CURRENT_PROJECT_VERSION = 1;
				DEVELOPMENT_TEAM = MFCV44P9C2;
				GENERATE_INFOPLIST_FILE = YES;
				IPHONEOS_DEPLOYMENT_TARGET = 17.2;
				MARKETING_VERSION = 1.0;
				PRODUCT_BUNDLE_IDENTIFIER = NirathH.mariokartTests;
				PRODUCT_NAME = "$(TARGET_NAME)";
				SWIFT_EMIT_LOC_STRINGS = NO;
				SWIFT_VERSION = 5.0;
				TARGETED_DEVICE_FAMILY = "1,2";
				TEST_HOST = "$(BUILT_PRODUCTS_DIR)/mariokart.app/$(BUNDLE_EXECUTABLE_FOLDER_PATH)/mariokart";
			};
			name = Debug;
		};
		C0EA20962B85954A009D68CE /* Release */ = {
			isa = XCBuildConfiguration;
			buildSettings = {
				ALWAYS_EMBED_SWIFT_STANDARD_LIBRARIES = YES;
				BUNDLE_LOADER = "$(TEST_HOST)";
				CODE_SIGN_STYLE = Automatic;
				CURRENT_PROJECT_VERSION = 1;
				DEVELOPMENT_TEAM = MFCV44P9C2;
				GENERATE_INFOPLIST_FILE = YES;
				IPHONEOS_DEPLOYMENT_TARGET = 17.2;
				MARKETING_VERSION = 1.0;
				PRODUCT_BUNDLE_IDENTIFIER = NirathH.mariokartTests;
				PRODUCT_NAME = "$(TARGET_NAME)";
				SWIFT_EMIT_LOC_STRINGS = NO;
				SWIFT_VERSION = 5.0;
				TARGETED_DEVICE_FAMILY = "1,2";
				TEST_HOST = "$(BUILT_PRODUCTS_DIR)/mariokart.app/$(BUNDLE_EXECUTABLE_FOLDER_PATH)/mariokart";
			};
			name = Release;
		};
		C0EA20982B85954A009D68CE /* Debug */ = {
			isa = XCBuildConfiguration;
			buildSettings = {
				ALWAYS_EMBED_SWIFT_STANDARD_LIBRARIES = YES;
				CODE_SIGN_STYLE = Automatic;
				CURRENT_PROJECT_VERSION = 1;
				DEVELOPMENT_TEAM = MFCV44P9C2;
				GENERATE_INFOPLIST_FILE = YES;
				MARKETING_VERSION = 1.0;
				PRODUCT_BUNDLE_IDENTIFIER = NirathH.mariokartUITests;
				PRODUCT_NAME = "$(TARGET_NAME)";
				SWIFT_EMIT_LOC_STRINGS = NO;
				SWIFT_VERSION = 5.0;
				TARGETED_DEVICE_FAMILY = "1,2";
				TEST_TARGET_NAME = mariokart;
			};
			name = Debug;
		};
		C0EA20992B85954A009D68CE /* Release */ = {
			isa = XCBuildConfiguration;
			buildSettings = {
				ALWAYS_EMBED_SWIFT_STANDARD_LIBRARIES = YES;
				CODE_SIGN_STYLE = Automatic;
				CURRENT_PROJECT_VERSION = 1;
				DEVELOPMENT_TEAM = MFCV44P9C2;
				GENERATE_INFOPLIST_FILE = YES;
				MARKETING_VERSION = 1.0;
				PRODUCT_BUNDLE_IDENTIFIER = NirathH.mariokartUITests;
				PRODUCT_NAME = "$(TARGET_NAME)";
				SWIFT_EMIT_LOC_STRINGS = NO;
				SWIFT_VERSION = 5.0;
				TARGETED_DEVICE_FAMILY = "1,2";
				TEST_TARGET_NAME = mariokart;
			};
			name = Release;
		};
/* End XCBuildConfiguration section */

/* Begin XCConfigurationList section */
		C0EA20622B859548009D68CE /* Build configuration list for PBXProject "mariokart" */ = {
			isa = XCConfigurationList;
			buildConfigurations = (
				C0EA208F2B85954A009D68CE /* Debug */,
				C0EA20902B85954A009D68CE /* Release */,
			);
			defaultConfigurationIsVisible = 0;
			defaultConfigurationName = Release;
		};
		C0EA20912B85954A009D68CE /* Build configuration list for PBXNativeTarget "mariokart" */ = {
			isa = XCConfigurationList;
			buildConfigurations = (
				C0EA20922B85954A009D68CE /* Debug */,
				C0EA20932B85954A009D68CE /* Release */,
			);
			defaultConfigurationIsVisible = 0;
			defaultConfigurationName = Release;
		};
		C0EA20942B85954A009D68CE /* Build configuration list for PBXNativeTarget "mariokartTests" */ = {
			isa = XCConfigurationList;
			buildConfigurations = (
				C0EA20952B85954A009D68CE /* Debug */,
				C0EA20962B85954A009D68CE /* Release */,
			);
			defaultConfigurationIsVisible = 0;
			defaultConfigurationName = Release;
		};
		C0EA20972B85954A009D68CE /* Build configuration list for PBXNativeTarget "mariokartUITests" */ = {
			isa = XCConfigurationList;
			buildConfigurations = (
				C0EA20982B85954A009D68CE /* Debug */,
				C0EA20992B85954A009D68CE /* Release */,
			);
			defaultConfigurationIsVisible = 0;
			defaultConfigurationName = Release;
		};
/* End XCConfigurationList section */
	};
	rootObject = C0EA205F2B859548009D68CE /* Project object */;
}
